
Microsoft Visual Studio Solution File, Format Version 12.00
# Visual Studio Version 17
VisualStudioVersion = 17.11.35312.102
MinimumVisualStudioVersion = 10.0.40219.1
Project("{FAE04EC0-301F-11D3-BF4B-00C04F79EFBC}") = "FoodDelivery", "FoodDelivery.csproj", "{B3D5B803-39E7-452D-8D7A-DA640076F800}"
EndProject
Global
	GlobalSection(SolutionConfigurationPlatforms) = preSolution
		Debug|Any CPU = Debug|Any CPU
		Release|Any CPU = Release|Any CPU
	EndGlobalSection
	GlobalSection(ProjectConfigurationPlatforms) = postSolution
		{B3D5B803-39E7-452D-8D7A-DA640076F800}.Debug|Any CPU.ActiveCfg = Debug|Any CPU
		{B3D5B803-39E7-452D-8D7A-DA640076F800}.Debug|Any CPU.Build.0 = Debug|Any CPU
		{B3D5B803-39E7-452D-8D7A-DA640076F800}.Release|Any CPU.ActiveCfg = Release|Any CPU
		{B3D5B803-39E7-452D-8D7A-DA640076F800}.Release|Any CPU.Build.0 = Release|Any CPU
	EndGlobalSection
	GlobalSection(SolutionProperties) = preSolution
		HideSolutionNode = FALSE
	EndGlobalSection
	GlobalSection(ExtensibilityGlobals) = postSolution
		SolutionGuid = {95D9A670-3854-4672-84EB-E83E3CC9A626}
	EndGlobalSection
EndGlobal
